
Microsoft Visual Studio Solution File, Format Version 12.00
# Visual Studio Version 17
VisualStudioVersion = 17.6.33723.286
MinimumVisualStudioVersion = 10.0.40219.1
Project("{FAE04EC0-301F-11D3-BF4B-00C04F79EFBC}") = "Tarefajr", "Tarefajr\Tarefajr.csproj", "{20DC5007-3B4C-47B3-96C4-F214D3AD8EE9}"
EndProject
Global
	GlobalSection(SolutionConfigurationPlatforms) = preSolution
		Debug|Any CPU = Debug|Any CPU
		Release|Any CPU = Release|Any CPU
	EndGlobalSection
	GlobalSection(ProjectConfigurationPlatforms) = postSolution
		{20DC5007-3B4C-47B3-96C4-F214D3AD8EE9}.Debug|Any CPU.ActiveCfg = Debug|Any CPU
		{20DC5007-3B4C-47B3-96C4-F214D3AD8EE9}.Debug|Any CPU.Build.0 = Debug|Any CPU
		{20DC5007-3B4C-47B3-96C4-F214D3AD8EE9}.Release|Any CPU.ActiveCfg = Release|Any CPU
		{20DC5007-3B4C-47B3-96C4-F214D3AD8EE9}.Release|Any CPU.Build.0 = Release|Any CPU
	EndGlobalSection
	GlobalSection(SolutionProperties) = preSolution
		HideSolutionNode = FALSE
	EndGlobalSection
	GlobalSection(ExtensibilityGlobals) = postSolution
		SolutionGuid = {70764AF6-3F3A-461D-BAF3-2EEC8F11C5E1}
	EndGlobalSection
EndGlobal
